
Microsoft Visual Studio Solution File, Format Version 12.00
# Visual Studio Version 17
VisualStudioVersion = 17.8.34525.116
MinimumVisualStudioVersion = 10.0.40219.1
Project("{FAE04EC0-301F-11D3-BF4B-00C04F79EFBC}") = "clicker", "clicker\clicker.csproj", "{1A044E9C-18DC-4B87-B6DF-BEEA0461E573}"
EndProject
Global
	GlobalSection(SolutionConfigurationPlatforms) = preSolution
		Debug|Any CPU = Debug|Any CPU
		Release|Any CPU = Release|Any CPU
	EndGlobalSection
	GlobalSection(ProjectConfigurationPlatforms) = postSolution
		{1A044E9C-18DC-4B87-B6DF-BEEA0461E573}.Debug|Any CPU.ActiveCfg = Debug|Any CPU
		{1A044E9C-18DC-4B87-B6DF-BEEA0461E573}.Debug|Any CPU.Build.0 = Debug|Any CPU
		{1A044E9C-18DC-4B87-B6DF-BEEA0461E573}.Release|Any CPU.ActiveCfg = Release|Any CPU
		{1A044E9C-18DC-4B87-B6DF-BEEA0461E573}.Release|Any CPU.Build.0 = Release|Any CPU
	EndGlobalSection
	GlobalSection(SolutionProperties) = preSolution
		HideSolutionNode = FALSE
	EndGlobalSection
	GlobalSection(ExtensibilityGlobals) = postSolution
		SolutionGuid = {4BD2A9E8-A016-47CA-973E-80AF160BEEE2}
	EndGlobalSection
EndGlobal
